<Solution>
  <Folder Name="/src/">
    <Project Path="src/MccIntakeService/MccIntakeService.csproj" />
    <Project Path="src/Wonrich.Auth/Wonrich.Auth.csproj" />
  </Folder>
  <Folder Name="/tests/">
    <Project Path="tests/MccIntakeService.Tests/MccIntakeService.Tests.csproj" />
  </Folder>
</Solution>
